
Microsoft Visual Studio Solution File, Format Version 12.00
# Visual Studio Version 17
VisualStudioVersion = 17.2.32630.192
MinimumVisualStudioVersion = 10.0.40219.1
Project("{FAE04EC0-301F-11D3-BF4B-00C04F79EFBC}") = "TutorialsEU_DiffuseTheBomb", "TutorialsEU_DiffuseTheBomb.csproj", "{AF57E9A4-13A1-4BD9-8183-AFB1C03FC2C3}"
EndProject
Global
	GlobalSection(SolutionConfigurationPlatforms) = preSolution
		Debug|Any CPU = Debug|Any CPU
		Release|Any CPU = Release|Any CPU
	EndGlobalSection
	GlobalSection(ProjectConfigurationPlatforms) = postSolution
		{AF57E9A4-13A1-4BD9-8183-AFB1C03FC2C3}.Debug|Any CPU.ActiveCfg = Debug|Any CPU
		{AF57E9A4-13A1-4BD9-8183-AFB1C03FC2C3}.Debug|Any CPU.Build.0 = Debug|Any CPU
		{AF57E9A4-13A1-4BD9-8183-AFB1C03FC2C3}.Release|Any CPU.ActiveCfg = Release|Any CPU
		{AF57E9A4-13A1-4BD9-8183-AFB1C03FC2C3}.Release|Any CPU.Build.0 = Release|Any CPU
	EndGlobalSection
	GlobalSection(SolutionProperties) = preSolution
		HideSolutionNode = FALSE
	EndGlobalSection
	GlobalSection(ExtensibilityGlobals) = postSolution
		SolutionGuid = {EC5B1048-D2E7-4538-A6F0-731B936D0D2E}
	EndGlobalSection
EndGlobal
